{
  "version": 4,
  "terraform_version": "1.4.6",
  "serial": 28,
  "lineage": "df655d32-1c43-d3e3-c7d1-894033400c17",
  "outputs": {},
  "resources": [
    {
      "mode": "managed",
      "type": "aws_vpc",
      "name": "my_vpc",
      "provider": "provider[\"registry.terraform.io/hashicorp/aws\"]",
      "instances": [
        {
          "schema_version": 1,
          "attributes": {
            "arn": "arn:aws:ec2:eu-north-1:996780084204:vpc/vpc-008af163e8a5f7a55",
            "assign_generated_ipv6_cidr_block": false,
            "cidr_block": "10.0.0.0/20",
            "default_network_acl_id": "acl-0f3f3f4f7001e395d",
            "default_route_table_id": "rtb-0f24900a7a5987ad5",
            "default_security_group_id": "sg-079799c29f4a6b6e0",
            "dhcp_options_id": "dopt-03515f867295f6a8d",
            "enable_dns_hostnames": false,
            "enable_dns_support": true,
            "enable_network_address_usage_metrics": false,
            "id": "vpc-008af163e8a5f7a55",
            "instance_tenancy": "default",
            "ipv4_ipam_pool_id": null,
            "ipv4_netmask_length": null,
            "ipv6_association_id": "",
            "ipv6_cidr_block": "",
            "ipv6_cidr_block_network_border_group": "",
            "ipv6_ipam_pool_id": "",
            "ipv6_netmask_length": 0,
            "main_route_table_id": "rtb-0f24900a7a5987ad5",
            "owner_id": "996780084204",
            "tags": {
              "name": "Hi World"
            },
            "tags_all": {
              "name": "Hi World"
            }
          },
          "sensitive_attributes": [],
          "private": "eyJzY2hlbWFfdmVyc2lvbiI6IjEifQ=="
        }
      ]
    }
  ],
  "check_results": null
}
